// !$*UTF8*$!
{
	archiveVersion = 1;
	classes = {
	};
	objectVersion = 46;
	objects = {

/* Begin PBXBuildFile section */
		BCC3728D1A88F9A5009E13EE /* main.m in Sources */ = {isa = PBXBuildFile; fileRef = BCC3728C1A88F9A5009E13EE /* main.m */; };
		BCC372901A88F9A5009E13EE /* AppDelegate.m in Sources */ = {isa = PBXBuildFile; fileRef = BCC3728F1A88F9A5009E13EE /* AppDelegate.m */; };
		BCC372931A88F9A5009E13EE /* ViewController.m in Sources */ = {isa = PBXBuildFile; fileRef = BCC372921A88F9A5009E13EE /* ViewController.m */; };
		BCC372961A88F9A5009E13EE /* Main.storyboard in Resources */ = {isa = PBXBuildFile; fileRef = BCC372941A88F9A5009E13EE /* Main.storyboard */; };
		BCC372981A88F9A5009E13EE /* Images.xcassets in Resources */ = {isa = PBXBuildFile; fileRef = BCC372971A88F9A5009E13EE /* Images.xcassets */; };
		BCC3729B1A88F9A5009E13EE /* LaunchScreen.xib in Resources */ = {isa = PBXBuildFile; fileRef = BCC372991A88F9A5009E13EE /* LaunchScreen.xib */; };
		BCC372A71A88F9A5009E13EE /* Objects_and_classesTests.m in Sources */ = {isa = PBXBuildFile; fileRef = BCC372A61A88F9A5009E13EE /* Objects_and_classesTests.m */; };
/* End PBXBuildFile section */

/* Begin PBXContainerItemProxy section */
		BCC372A11A88F9A5009E13EE /* PBXContainerItemProxy */ = {
			isa = PBXContainerItemProxy;
			containerPortal = BCC3727F1A88F9A5009E13EE /* Project object */;
			proxyType = 1;
			remoteGlobalIDString = BCC372861A88F9A5009E13EE;
			remoteInfo = "Objects and classes";
		};
/* End PBXContainerItemProxy section */

/* Begin PBXFileReference section */
		BCC372871A88F9A5009E13EE /* Objects and classes.app */ = {isa = PBXFileReference; explicitFileType = wrapper.application; includeInIndex = 0; path = "Objects and classes.app"; sourceTree = BUILT_PRODUCTS_DIR; };
		BCC3728B1A88F9A5009E13EE /* Info.plist */ = {isa = PBXFileReference; lastKnownFileType = text.plist.xml; path = Info.plist; sourceTree = "<group>"; };
		BCC3728C1A88F9A5009E13EE /* main.m */ = {isa = PBXFileReference; lastKnownFileType = sourcecode.c.objc; path = main.m; sourceTree = "<group>"; };
		BCC3728E1A88F9A5009E13EE /* AppDelegate.h */ = {isa = PBXFileReference; lastKnownFileType = sourcecode.c.h; path = AppDelegate.h; sourceTree = "<group>"; };
		BCC3728F1A88F9A5009E13EE /* AppDelegate.m */ = {isa = PBXFileReference; lastKnownFileType = sourcecode.c.objc; path = AppDelegate.m; sourceTree = "<group>"; };
		BCC372911A88F9A5009E13EE /* ViewController.h */ = {isa = PBXFileReference; lastKnownFileType = sourcecode.c.h; path = ViewController.h; sourceTree = "<group>"; };
		BCC372921A88F9A5009E13EE /* ViewController.m */ = {isa = PBXFileReference; lastKnownFileType = sourcecode.c.objc; path = ViewController.m; sourceTree = "<group>"; };
		BCC372951A88F9A5009E13EE /* Base */ = {isa = PBXFileReference; lastKnownFileType = file.storyboard; name = Base; path = Base.lproj/Main.storyboard; sourceTree = "<group>"; };
		BCC372971A88F9A5009E13EE /* Images.xcassets */ = {isa = PBXFileReference; lastKnownFileType = folder.assetcatalog; path = Images.xcassets; sourceTree = "<group>"; };
		BCC3729A1A88F9A5009E13EE /* Base */ = {isa = PBXFileReference; lastKnownFileType = file.xib; name = Base; path = Base.lproj/LaunchScreen.xib; sourceTree = "<group>"; };
		BCC372A01A88F9A5009E13EE /* Objects and classesTests.xctest */ = {isa = PBXFileReference; explicitFileType = wrapper.cfbundle; includeInIndex = 0; path = "Objects and classesTests.xctest"; sourceTree = BUILT_PRODUCTS_DIR; };
		BCC372A51A88F9A5009E13EE /* Info.plist */ = {isa = PBXFileReference; lastKnownFileType = text.plist.xml; path = Info.plist; sourceTree = "<group>"; };
		BCC372A61A88F9A5009E13EE /* Objects_and_classesTests.m */ = {isa = PBXFileReference; lastKnownFileType = sourcecode.c.objc; path = Objects_and_classesTests.m; sourceTree = "<group>"; };
/* End PBXFileReference section */

/* Begin PBXFrameworksBuildPhase section */
		BCC372841A88F9A5009E13EE /* Frameworks */ = {
			isa = PBXFrameworksBuildPhase;
			buildActionMask = 2147483647;
			files = (
			);
			runOnlyForDeploymentPostprocessing = 0;
		};
		BCC3729D1A88F9A5009E13EE /* Frameworks */ = {
			isa = PBXFrameworksBuildPhase;
			buildActionMask = 2147483647;
			files = (
			);
			runOnlyForDeploymentPostprocessing = 0;
		};
/* End PBXFrameworksBuildPhase section */

/* Begin PBXGroup section */
		BCC3727E1A88F9A5009E13EE = {
			isa = PBXGroup;
			children = (
				BCC372891A88F9A5009E13EE /* Objects and classes */,
				BCC372A31A88F9A5009E13EE /* Objects and classesTests */,
				BCC372881A88F9A5009E13EE /* Products */,
			);
			sourceTree = "<group>";
		};
		BCC372881A88F9A5009E13EE /* Products */ = {
			isa = PBXGroup;
			children = (
				BCC372871A88F9A5009E13EE /* Objects and classes.app */,
				BCC372A01A88F9A5009E13EE /* Objects and classesTests.xctest */,
			);
			name = Products;
			sourceTree = "<group>";
		};
		BCC372891A88F9A5009E13EE /* Objects and classes */ = {
			isa = PBXGroup;
			children = (
				BCC3728E1A88F9A5009E13EE /* AppDelegate.h */,
				BCC3728F1A88F9A5009E13EE /* AppDelegate.m */,
				BCC372911A88F9A5009E13EE /* ViewController.h */,
				BCC372921A88F9A5009E13EE /* ViewController.m */,
				BCC372941A88F9A5009E13EE /* Main.storyboard */,
				BCC372971A88F9A5009E13EE /* Images.xcassets */,
				BCC372991A88F9A5009E13EE /* LaunchScreen.xib */,
				BCC3728A1A88F9A5009E13EE /* Supporting Files */,
			);
			path = "Objects and classes";
			sourceTree = "<group>";
		};
		BCC3728A1A88F9A5009E13EE /* Supporting Files */ = {
			isa = PBXGroup;
			children = (
				BCC3728B1A88F9A5009E13EE /* Info.plist */,
				BCC3728C1A88F9A5009E13EE /* main.m */,
			);
			name = "Supporting Files";
			sourceTree = "<group>";
		};
		BCC372A31A88F9A5009E13EE /* Objects and classesTests */ = {
			isa = PBXGroup;
			children = (
				BCC372A61A88F9A5009E13EE /* Objects_and_classesTests.m */,
				BCC372A41A88F9A5009E13EE /* Supporting Files */,
			);
			path = "Objects and classesTests";
			sourceTree = "<group>";
		};
		BCC372A41A88F9A5009E13EE /* Supporting Files */ = {
			isa = PBXGroup;
			children = (
				BCC372A51A88F9A5009E13EE /* Info.plist */,
			);
			name = "Supporting Files";
			sourceTree = "<group>";
		};
/* End PBXGroup section */

/* Begin PBXNativeTarget section */
		BCC372861A88F9A5009E13EE /* Objects and classes */ = {
			isa = PBXNativeTarget;
			buildConfigurationList = BCC372AA1A88F9A5009E13EE /* Build configuration list for PBXNativeTarget "Objects and classes" */;
			buildPhases = (
				BCC372831A88F9A5009E13EE /* Sources */,
				BCC372841A88F9A5009E13EE /* Frameworks */,
				BCC372851A88F9A5009E13EE /* Resources */,
			);
			buildRules = (
			);
			dependencies = (
			);
			name = "Objects and classes";
			productName = "Objects and classes";
			productReference = BCC372871A88F9A5009E13EE /* Objects and classes.app */;
			productType = "com.apple.product-type.application";
		};
		BCC3729F1A88F9A5009E13EE /* Objects and classesTests */ = {
			isa = PBXNativeTarget;
			buildConfigurationList = BCC372AD1A88F9A5009E13EE /* Build configuration list for PBXNativeTarget "Objects and classesTests" */;
			buildPhases = (
				BCC3729C1A88F9A5009E13EE /* Sources */,
				BCC3729D1A88F9A5009E13EE /* Frameworks */,
				BCC3729E1A88F9A5009E13EE /* Resources */,
			);
			buildRules = (
			);
			dependencies = (
				BCC372A21A88F9A5009E13EE /* PBXTargetDependency */,
			);
			name = "Objects and classesTests";
			productName = "Objects and classesTests";
			productReference = BCC372A01A88F9A5009E13EE /* Objects and classesTests.xctest */;
			productType = "com.apple.product-type.bundle.unit-test";
		};
/* End PBXNativeTarget section */

/* Begin PBXProject section */
		BCC3727F1A88F9A5009E13EE /* Project object */ = {
			isa = PBXProject;
			attributes = {
				LastUpgradeCheck = 0610;
				ORGANIZATIONNAME = lsdemane15;
				TargetAttributes = {
					BCC372861A88F9A5009E13EE = {
						CreatedOnToolsVersion = 6.1.1;
					};
					BCC3729F1A88F9A5009E13EE = {
						CreatedOnToolsVersion = 6.1.1;
						TestTargetID = BCC372861A88F9A5009E13EE;
					};
				};
			};
			buildConfigurationList = BCC372821A88F9A5009E13EE /* Build configuration list for PBXProject "Objects and classes" */;
			compatibilityVersion = "Xcode 3.2";
			developmentRegion = English;
			hasScannedForEncodings = 0;
			knownRegions = (
				en,
				Base,
			);
			mainGroup = BCC3727E1A88F9A5009E13EE;
			productRefGroup = BCC372881A88F9A5009E13EE /* Products */;
			projectDirPath = "";
			projectRoot = "";
			targets = (
				BCC372861A88F9A5009E13EE /* Objects and classes */,
				BCC3729F1A88F9A5009E13EE /* Objects and classesTests */,
			);
		};
/* End PBXProject section */

/* Begin PBXResourcesBuildPhase section */
		BCC372851A88F9A5009E13EE /* Resources */ = {
			isa = PBXResourcesBuildPhase;
			buildActionMask = 2147483647;
			files = (
				BCC372961A88F9A5009E13EE /* Main.storyboard in Resources */,
				BCC3729B1A88F9A5009E13EE /* LaunchScreen.xib in Resources */,
				BCC372981A88F9A5009E13EE /* Images.xcassets in Resources */,
			);
			runOnlyForDeploymentPostprocessing = 0;
		};
		BCC3729E1A88F9A5009E13EE /* Resources */ = {
			isa = PBXResourcesBuildPhase;
			buildActionMask = 2147483647;
			files = (
			);
			runOnlyForDeploymentPostprocessing = 0;
		};
/* End PBXResourcesBuildPhase section */

/* Begin PBXSourcesBuildPhase section */
		BCC372831A88F9A5009E13EE /* Sources */ = {
			isa = PBXSourcesBuildPhase;
			buildActionMask = 2147483647;
			files = (
				BCC372931A88F9A5009E13EE /* ViewController.m in Sources */,
				BCC372901A88F9A5009E13EE /* AppDelegate.m in Sources */,
				BCC3728D1A88F9A5009E13EE /* main.m in Sources */,
			);
			runOnlyForDeploymentPostprocessing = 0;
		};
		BCC3729C1A88F9A5009E13EE /* Sources */ = {
			isa = PBXSourcesBuildPhase;
			buildActionMask = 2147483647;
			files = (
				BCC372A71A88F9A5009E13EE /* Objects_and_classesTests.m in Sources */,
			);
			runOnlyForDeploymentPostprocessing = 0;
		};
/* End PBXSourcesBuildPhase section */

/* Begin PBXTargetDependency section */
		BCC372A21A88F9A5009E13EE /* PBXTargetDependency */ = {
			isa = PBXTargetDependency;
			target = BCC372861A88F9A5009E13EE /* Objects and classes */;
			targetProxy = BCC372A11A88F9A5009E13EE /* PBXContainerItemProxy */;
		};
/* End PBXTargetDependency section */

/* Begin PBXVariantGroup section */
		BCC372941A88F9A5009E13EE /* Main.storyboard */ = {
			isa = PBXVariantGroup;
			children = (
				BCC372951A88F9A5009E13EE /* Base */,
			);
			name = Main.storyboard;
			sourceTree = "<group>";
		};
		BCC372991A88F9A5009E13EE /* LaunchScreen.xib */ = {
			isa = PBXVariantGroup;
			children = (
				BCC3729A1A88F9A5009E13EE /* Base */,
			);
			name = LaunchScreen.xib;
			sourceTree = "<group>";
		};
/* End PBXVariantGroup section */

/* Begin XCBuildConfiguration section */
		BCC372A81A88F9A5009E13EE /* Debug */ = {
			isa = XCBuildConfiguration;
			buildSettings = {
				ALWAYS_SEARCH_USER_PATHS = NO;
				CLANG_CXX_LANGUAGE_STANDARD = "gnu++0x";
				CLANG_CXX_LIBRARY = "libc++";
				CLANG_ENABLE_MODULES = YES;
				CLANG_ENABLE_OBJC_ARC = YES;
				CLANG_WARN_BOOL_CONVERSION = YES;
				CLANG_WARN_CONSTANT_CONVERSION = YES;
				CLANG_WARN_DIRECT_OBJC_ISA_USAGE = YES_ERROR;
				CLANG_WARN_EMPTY_BODY = YES;
				CLANG_WARN_ENUM_CONVERSION = YES;
				CLANG_WARN_INT_CONVERSION = YES;
				CLANG_WARN_OBJC_ROOT_CLASS = YES_ERROR;
				CLANG_WARN_UNREACHABLE_CODE = YES;
				CLANG_WARN__DUPLICATE_METHOD_MATCH = YES;
				"CODE_SIGN_IDENTITY[sdk=iphoneos*]" = "iPhone Developer";
				COPY_PHASE_STRIP = NO;
				ENABLE_STRICT_OBJC_MSGSEND = YES;
				GCC_C_LANGUAGE_STANDARD = gnu99;
				GCC_DYNAMIC_NO_PIC = NO;
				GCC_OPTIMIZATION_LEVEL = 0;
				GCC_PREPROCESSOR_DEFINITIONS = (
					"DEBUG=1",
					"$(inherited)",
				);
				GCC_SYMBOLS_PRIVATE_EXTERN = NO;
				GCC_WARN_64_TO_32_BIT_CONVERSION = YES;
				GCC_WARN_ABOUT_RETURN_TYPE = YES_ERROR;
				GCC_WARN_UNDECLARED_SELECTOR = YES;
				GCC_WARN_UNINITIALIZED_AUTOS = YES_AGGRESSIVE;
				GCC_WARN_UNUSED_FUNCTION = YES;
				GCC_WARN_UNUSED_VARIABLE = YES;
				IPHONEOS_DEPLOYMENT_TARGET = 8.1;
				MTL_ENABLE_DEBUG_INFO = YES;
				ONLY_ACTIVE_ARCH = YES;
				SDKROOT = iphoneos;
				TARGETED_DEVICE_FAMILY = "1,2";
			};
			name = Debug;
		};
		BCC372A91A88F9A5009E13EE /* Release */ = {
			isa = XCBuildConfiguration;
			buildSettings = {
				ALWAYS_SEARCH_USER_PATHS = NO;
				CLANG_CXX_LANGUAGE_STANDARD = "gnu++0x";
				CLANG_CXX_LIBRARY = "libc++";
				CLANG_ENABLE_MODULES = YES;
				CLANG_ENABLE_OBJC_ARC = YES;
				CLANG_WARN_BOOL_CONVERSION = YES;
				CLANG_WARN_CONSTANT_CONVERSION = YES;
				CLANG_WARN_DIRECT_OBJC_ISA_USAGE = YES_ERROR;
				CLANG_WARN_EMPTY_BODY = YES;
				CLANG_WARN_ENUM_CONVERSION = YES;
				CLANG_WARN_INT_CONVERSION = YES;
				CLANG_WARN_OBJC_ROOT_CLASS = YES_ERROR;
				CLANG_WARN_UNREACHABLE_CODE = YES;
				CLANG_WARN__DUPLICATE_METHOD_MATCH = YES;
				"CODE_SIGN_IDENTITY[sdk=iphoneos*]" = "iPhone Developer";
				COPY_PHASE_STRIP = YES;
				ENABLE_NS_ASSERTIONS = NO;
				ENABLE_STRICT_OBJC_MSGSEND = YES;
				GCC_C_LANGUAGE_STANDARD = gnu99;
				GCC_WARN_64_TO_32_BIT_CONVERSION = YES;
				GCC_WARN_ABOUT_RETURN_TYPE = YES_ERROR;
				GCC_WARN_UNDECLARED_SELECTOR = YES;
				GCC_WARN_UNINITIALIZED_AUTOS = YES_AGGRESSIVE;
				GCC_WARN_UNUSED_FUNCTION = YES;
				GCC_WARN_UNUSED_VARIABLE = YES;
				IPHONEOS_DEPLOYMENT_TARGET = 8.1;
				MTL_ENABLE_DEBUG_INFO = NO;
				SDKROOT = iphoneos;
				TARGETED_DEVICE_FAMILY = "1,2";
				VALIDATE_PRODUCT = YES;
			};
			name = Release;
		};
		BCC372AB1A88F9A5009E13EE /* Debug */ = {
			isa = XCBuildConfiguration;
			buildSettings = {
				ASSETCATALOG_COMPILER_APPICON_NAME = AppIcon;
				INFOPLIST_FILE = "Objects and classes/Info.plist";
				LD_RUNPATH_SEARCH_PATHS = "$(inherited) @executable_path/Frameworks";
				PRODUCT_NAME = "$(TARGET_NAME)";
			};
			name = Debug;
		};
		BCC372AC1A88F9A5009E13EE /* Release */ = {
			isa = XCBuildConfiguration;
			buildSettings = {
				ASSETCATALOG_COMPILER_APPICON_NAME = AppIcon;
				INFOPLIST_FILE = "Objects and classes/Info.plist";
				LD_RUNPATH_SEARCH_PATHS = "$(inherited) @executable_path/Frameworks";
				PRODUCT_NAME = "$(TARGET_NAME)";
			};
			name = Release;
		};
		BCC372AE1A88F9A5009E13EE /* Debug */ = {
			isa = XCBuildConfiguration;
			buildSettings = {
				BUNDLE_LOADER = "$(TEST_HOST)";
				FRAMEWORK_SEARCH_PATHS = (
					"$(SDKROOT)/Developer/Library/Frameworks",
					"$(inherited)",
				);
				GCC_PREPROCESSOR_DEFINITIONS = (
					"DEBUG=1",
					"$(inherited)",
				);
				INFOPLIST_FILE = "Objects and classesTests/Info.plist";
				LD_RUNPATH_SEARCH_PATHS = "$(inherited) @executable_path/Frameworks @loader_path/Frameworks";
				PRODUCT_NAME = "$(TARGET_NAME)";
				TEST_HOST = "$(BUILT_PRODUCTS_DIR)/Objects and classes.app/Objects and classes";
			};
			name = Debug;
		};
		BCC372AF1A88F9A5009E13EE /* Release */ = {
			isa = XCBuildConfiguration;
			buildSettings = {
				BUNDLE_LOADER = "$(TEST_HOST)";
				FRAMEWORK_SEARCH_PATHS = (
					"$(SDKROOT)/Developer/Library/Frameworks",
					"$(inherited)",
				);
				INFOPLIST_FILE = "Objects and classesTests/Info.plist";
				LD_RUNPATH_SEARCH_PATHS = "$(inherited) @executable_path/Frameworks @loader_path/Frameworks";
				PRODUCT_NAME = "$(TARGET_NAME)";
				TEST_HOST = "$(BUILT_PRODUCTS_DIR)/Objects and classes.app/Objects and classes";
			};
			name = Release;
		};
/* End XCBuildConfiguration section */

/* Begin XCConfigurationList section */
		BCC372821A88F9A5009E13EE /* Build configuration list for PBXProject "Objects and classes" */ = {
			isa = XCConfigurationList;
			buildConfigurations = (
				BCC372A81A88F9A5009E13EE /* Debug */,
				BCC372A91A88F9A5009E13EE /* Release */,
			);
			defaultConfigurationIsVisible = 0;
			defaultConfigurationName = Release;
		};
		BCC372AA1A88F9A5009E13EE /* Build configuration list for PBXNativeTarget "Objects and classes" */ = {
			isa = XCConfigurationList;
			buildConfigurations = (
				BCC372AB1A88F9A5009E13EE /* Debug */,
				BCC372AC1A88F9A5009E13EE /* Release */,
			);
			defaultConfigurationIsVisible = 0;
		};
		BCC372AD1A88F9A5009E13EE /* Build configuration list for PBXNativeTarget "Objects and classesTests" */ = {
			isa = XCConfigurationList;
			buildConfigurations = (
				BCC372AE1A88F9A5009E13EE /* Debug */,
				BCC372AF1A88F9A5009E13EE /* Release */,
			);
			defaultConfigurationIsVisible = 0;
		};
/* End XCConfigurationList section */
	};
	rootObject = BCC3727F1A88F9A5009E13EE /* Project object */;
}
